
Microsoft Visual Studio Solution File, Format Version 12.00
# Visual Studio 2017
Project("{FAE04EC0-301F-11D3-BF4B-00C04F79EFBC}") = "3D TILES", "3D TILES.csproj", "{D2F85CC3-B271-C8CC-F184-669DDB72705A}"
EndProject
Project("{FAE04EC0-301F-11D3-BF4B-00C04F79EFBC}") = "3D TILES.Editor", "3D TILES.Editor.csproj", "{37ABD2AB-46D4-8223-C70E-A0B41F9E4CE0}"
EndProject
Global
	GlobalSection(SolutionConfigurationPlatforms) = preSolution
		Debug|Any CPU = Debug|Any CPU
		Release|Any CPU = Release|Any CPU
	EndGlobalSection
	GlobalSection(ProjectConfigurationPlatforms) = postSolution
		{D2F85CC3-B271-C8CC-F184-669DDB72705A}.Debug|Any CPU.ActiveCfg = Debug|Any CPU
		{D2F85CC3-B271-C8CC-F184-669DDB72705A}.Debug|Any CPU.Build.0 = Debug|Any CPU
		{D2F85CC3-B271-C8CC-F184-669DDB72705A}.Release|Any CPU.ActiveCfg = Release|Any CPU
		{D2F85CC3-B271-C8CC-F184-669DDB72705A}.Release|Any CPU.Build.0 = Release|Any CPU
		{37ABD2AB-46D4-8223-C70E-A0B41F9E4CE0}.Debug|Any CPU.ActiveCfg = Debug|Any CPU
		{37ABD2AB-46D4-8223-C70E-A0B41F9E4CE0}.Debug|Any CPU.Build.0 = Debug|Any CPU
		{37ABD2AB-46D4-8223-C70E-A0B41F9E4CE0}.Release|Any CPU.ActiveCfg = Release|Any CPU
		{37ABD2AB-46D4-8223-C70E-A0B41F9E4CE0}.Release|Any CPU.Build.0 = Release|Any CPU
	EndGlobalSection
	GlobalSection(SolutionProperties) = preSolution
		HideSolutionNode = FALSE
	EndGlobalSection
EndGlobal
